
Microsoft Visual Studio Solution File, Format Version 12.00
# Visual Studio Version 16
VisualStudioVersion = 16.0.31321.278
MinimumVisualStudioVersion = 10.0.40219.1
Project("{FAE04EC0-301F-11D3-BF4B-00C04F79EFBC}") = "KSumPathBT", "KSumPathBT\KSumPathBT.csproj", "{C4E59D8E-C75B-489D-8795-7008B2CCE95C}"
EndProject
Project("{9A19103F-16F7-4668-BE54-9A1E7A4F7556}") = "ReverseLevelOrder", "ReverseLevelOrder\ReverseLevelOrder.csproj", "{B936296B-E2FA-4A97-B3F5-72524A255CB7}"
EndProject
Project("{FAE04EC0-301F-11D3-BF4B-00C04F79EFBC}") = "TopAndOtherViews", "TopAndOtherViews\TopAndOtherViews.csproj", "{AA407EC9-434F-4551-8EC4-8B98D15C168F}"
EndProject
Project("{FAE04EC0-301F-11D3-BF4B-00C04F79EFBC}") = "IterativeTraversals", "IterativeTraversals\IterativeTraversals.csproj", "{07F63779-C921-4DC7-897C-0357645518B0}"
EndProject
Global
	GlobalSection(SolutionConfigurationPlatforms) = preSolution
		Debug|Any CPU = Debug|Any CPU
		Release|Any CPU = Release|Any CPU
	EndGlobalSection
	GlobalSection(ProjectConfigurationPlatforms) = postSolution
		{C4E59D8E-C75B-489D-8795-7008B2CCE95C}.Debug|Any CPU.ActiveCfg = Debug|Any CPU
		{C4E59D8E-C75B-489D-8795-7008B2CCE95C}.Debug|Any CPU.Build.0 = Debug|Any CPU
		{C4E59D8E-C75B-489D-8795-7008B2CCE95C}.Release|Any CPU.ActiveCfg = Release|Any CPU
		{C4E59D8E-C75B-489D-8795-7008B2CCE95C}.Release|Any CPU.Build.0 = Release|Any CPU
		{B936296B-E2FA-4A97-B3F5-72524A255CB7}.Debug|Any CPU.ActiveCfg = Debug|Any CPU
		{B936296B-E2FA-4A97-B3F5-72524A255CB7}.Debug|Any CPU.Build.0 = Debug|Any CPU
		{B936296B-E2FA-4A97-B3F5-72524A255CB7}.Release|Any CPU.ActiveCfg = Release|Any CPU
		{B936296B-E2FA-4A97-B3F5-72524A255CB7}.Release|Any CPU.Build.0 = Release|Any CPU
		{AA407EC9-434F-4551-8EC4-8B98D15C168F}.Debug|Any CPU.ActiveCfg = Debug|Any CPU
		{AA407EC9-434F-4551-8EC4-8B98D15C168F}.Debug|Any CPU.Build.0 = Debug|Any CPU
		{AA407EC9-434F-4551-8EC4-8B98D15C168F}.Release|Any CPU.ActiveCfg = Release|Any CPU
		{AA407EC9-434F-4551-8EC4-8B98D15C168F}.Release|Any CPU.Build.0 = Release|Any CPU
		{07F63779-C921-4DC7-897C-0357645518B0}.Debug|Any CPU.ActiveCfg = Debug|Any CPU
		{07F63779-C921-4DC7-897C-0357645518B0}.Debug|Any CPU.Build.0 = Debug|Any CPU
		{07F63779-C921-4DC7-897C-0357645518B0}.Release|Any CPU.ActiveCfg = Release|Any CPU
		{07F63779-C921-4DC7-897C-0357645518B0}.Release|Any CPU.Build.0 = Release|Any CPU
	EndGlobalSection
	GlobalSection(SolutionProperties) = preSolution
		HideSolutionNode = FALSE
	EndGlobalSection
	GlobalSection(ExtensibilityGlobals) = postSolution
		SolutionGuid = {1EF87CC4-CFE8-4D0A-8315-B1ECC087566C}
	EndGlobalSection
EndGlobal
