
Microsoft Visual Studio Solution File, Format Version 12.00
# Visual Studio Version 16
VisualStudioVersion = 16.0.30413.136
MinimumVisualStudioVersion = 10.0.40219.1
Project("{9A19103F-16F7-4668-BE54-9A1E7A4F7556}") = "LongestSubstring", "LongestSubstring\LongestSubstring.csproj", "{EC27095A-C078-47D4-BE1D-D99731D562D0}"
EndProject
Project("{9A19103F-16F7-4668-BE54-9A1E7A4F7556}") = "LongestPalindrome", "LongestPalindrome\LongestPalindrome.csproj", "{CE23E057-F41A-4CDB-8649-BE68DCB181FE}"
EndProject
Project("{FAE04EC0-301F-11D3-BF4B-00C04F79EFBC}") = "MinCoinDenomReqForAmt", "MinCoinDenomReqForAmt\MinCoinDenomReqForAmt.csproj", "{670676A1-74CD-4C6D-9010-4B01A03204EE}"
EndProject
Global
	GlobalSection(SolutionConfigurationPlatforms) = preSolution
		Debug|Any CPU = Debug|Any CPU
		Release|Any CPU = Release|Any CPU
	EndGlobalSection
	GlobalSection(ProjectConfigurationPlatforms) = postSolution
		{EC27095A-C078-47D4-BE1D-D99731D562D0}.Debug|Any CPU.ActiveCfg = Debug|Any CPU
		{EC27095A-C078-47D4-BE1D-D99731D562D0}.Debug|Any CPU.Build.0 = Debug|Any CPU
		{EC27095A-C078-47D4-BE1D-D99731D562D0}.Release|Any CPU.ActiveCfg = Release|Any CPU
		{EC27095A-C078-47D4-BE1D-D99731D562D0}.Release|Any CPU.Build.0 = Release|Any CPU
		{CE23E057-F41A-4CDB-8649-BE68DCB181FE}.Debug|Any CPU.ActiveCfg = Debug|Any CPU
		{CE23E057-F41A-4CDB-8649-BE68DCB181FE}.Debug|Any CPU.Build.0 = Debug|Any CPU
		{CE23E057-F41A-4CDB-8649-BE68DCB181FE}.Release|Any CPU.ActiveCfg = Release|Any CPU
		{CE23E057-F41A-4CDB-8649-BE68DCB181FE}.Release|Any CPU.Build.0 = Release|Any CPU
		{670676A1-74CD-4C6D-9010-4B01A03204EE}.Debug|Any CPU.ActiveCfg = Debug|Any CPU
		{670676A1-74CD-4C6D-9010-4B01A03204EE}.Debug|Any CPU.Build.0 = Debug|Any CPU
		{670676A1-74CD-4C6D-9010-4B01A03204EE}.Release|Any CPU.ActiveCfg = Release|Any CPU
		{670676A1-74CD-4C6D-9010-4B01A03204EE}.Release|Any CPU.Build.0 = Release|Any CPU
	EndGlobalSection
	GlobalSection(SolutionProperties) = preSolution
		HideSolutionNode = FALSE
	EndGlobalSection
	GlobalSection(ExtensibilityGlobals) = postSolution
		SolutionGuid = {4E6EE102-9F2E-41EE-A58E-846DF433E772}
	EndGlobalSection
EndGlobal
