
Microsoft Visual Studio Solution File, Format Version 12.00
# Visual Studio Version 16
VisualStudioVersion = 16.0.30413.136
MinimumVisualStudioVersion = 10.0.40219.1
Project("{FAE04EC0-301F-11D3-BF4B-00C04F79EFBC}") = "LRUCache", "LRUCache\LRUCache.csproj", "{100640A3-942A-4810-AE11-73419AE17F0A}"
EndProject
Project("{FAE04EC0-301F-11D3-BF4B-00C04F79EFBC}") = "Arrrays", "Arrrays\Arrrays.csproj", "{20E29FDF-5264-47FB-9063-7C03B196EEA9}"
EndProject
Project("{FAE04EC0-301F-11D3-BF4B-00C04F79EFBC}") = "Graphs", "Graphs\Graphs.csproj", "{CC948634-CD6A-4C96-AB34-307661A89266}"
EndProject
Global
	GlobalSection(SolutionConfigurationPlatforms) = preSolution
		Debug|Any CPU = Debug|Any CPU
		Release|Any CPU = Release|Any CPU
	EndGlobalSection
	GlobalSection(ProjectConfigurationPlatforms) = postSolution
		{100640A3-942A-4810-AE11-73419AE17F0A}.Debug|Any CPU.ActiveCfg = Debug|Any CPU
		{100640A3-942A-4810-AE11-73419AE17F0A}.Debug|Any CPU.Build.0 = Debug|Any CPU
		{100640A3-942A-4810-AE11-73419AE17F0A}.Release|Any CPU.ActiveCfg = Release|Any CPU
		{100640A3-942A-4810-AE11-73419AE17F0A}.Release|Any CPU.Build.0 = Release|Any CPU
		{20E29FDF-5264-47FB-9063-7C03B196EEA9}.Debug|Any CPU.ActiveCfg = Debug|Any CPU
		{20E29FDF-5264-47FB-9063-7C03B196EEA9}.Debug|Any CPU.Build.0 = Debug|Any CPU
		{20E29FDF-5264-47FB-9063-7C03B196EEA9}.Release|Any CPU.ActiveCfg = Release|Any CPU
		{20E29FDF-5264-47FB-9063-7C03B196EEA9}.Release|Any CPU.Build.0 = Release|Any CPU
		{CC948634-CD6A-4C96-AB34-307661A89266}.Debug|Any CPU.ActiveCfg = Debug|Any CPU
		{CC948634-CD6A-4C96-AB34-307661A89266}.Debug|Any CPU.Build.0 = Debug|Any CPU
		{CC948634-CD6A-4C96-AB34-307661A89266}.Release|Any CPU.ActiveCfg = Release|Any CPU
		{CC948634-CD6A-4C96-AB34-307661A89266}.Release|Any CPU.Build.0 = Release|Any CPU
	EndGlobalSection
	GlobalSection(SolutionProperties) = preSolution
		HideSolutionNode = FALSE
	EndGlobalSection
	GlobalSection(ExtensibilityGlobals) = postSolution
		SolutionGuid = {EB093D1D-CABB-4597-92D6-32093232F79E}
	EndGlobalSection
EndGlobal
